
Microsoft Visual Studio Solution File, Format Version 12.00
# Visual Studio 15
VisualStudioVersion = 15.0.27004.2005
MinimumVisualStudioVersion = 10.0.40219.1
Project("{FAE04EC0-301F-11D3-BF4B-00C04F79EFBC}") = "WebApplication2", "WebApplication2\WebApplication2.csproj", "{389CFC3F-E069-4EA6-8A2D-9A2E552B083E}"
EndProject
Global
	GlobalSection(SolutionConfigurationPlatforms) = preSolution
		Debug|Any CPU = Debug|Any CPU
		Release|Any CPU = Release|Any CPU
	EndGlobalSection
	GlobalSection(ProjectConfigurationPlatforms) = postSolution
		{389CFC3F-E069-4EA6-8A2D-9A2E552B083E}.Debug|Any CPU.ActiveCfg = Debug|Any CPU
		{389CFC3F-E069-4EA6-8A2D-9A2E552B083E}.Debug|Any CPU.Build.0 = Debug|Any CPU
		{389CFC3F-E069-4EA6-8A2D-9A2E552B083E}.Release|Any CPU.ActiveCfg = Release|Any CPU
		{389CFC3F-E069-4EA6-8A2D-9A2E552B083E}.Release|Any CPU.Build.0 = Release|Any CPU
	EndGlobalSection
	GlobalSection(SolutionProperties) = preSolution
		HideSolutionNode = FALSE
	EndGlobalSection
	GlobalSection(ExtensibilityGlobals) = postSolution
		SolutionGuid = {A3ECA0E3-90CE-4080-9FFF-B7B29EA1C020}
	EndGlobalSection
EndGlobal
